
Microsoft Visual Studio Solution File, Format Version 12.00
# Visual Studio Version 17
VisualStudioVersion = 17.9.34728.123
MinimumVisualStudioVersion = 10.0.40219.1
Project("{FAE04EC0-301F-11D3-BF4B-00C04F79EFBC}") = "eCommerceApp", "eCommerceApp\eCommerceApp.csproj", "{81686DCD-9A7A-41CB-85A2-9041C158DBDB}"
EndProject
Global
	GlobalSection(SolutionConfigurationPlatforms) = preSolution
		Debug|Any CPU = Debug|Any CPU
		Release|Any CPU = Release|Any CPU
	EndGlobalSection
	GlobalSection(ProjectConfigurationPlatforms) = postSolution
		{81686DCD-9A7A-41CB-85A2-9041C158DBDB}.Debug|Any CPU.ActiveCfg = Debug|Any CPU
		{81686DCD-9A7A-41CB-85A2-9041C158DBDB}.Debug|Any CPU.Build.0 = Debug|Any CPU
		{81686DCD-9A7A-41CB-85A2-9041C158DBDB}.Release|Any CPU.ActiveCfg = Release|Any CPU
		{81686DCD-9A7A-41CB-85A2-9041C158DBDB}.Release|Any CPU.Build.0 = Release|Any CPU
	EndGlobalSection
	GlobalSection(SolutionProperties) = preSolution
		HideSolutionNode = FALSE
	EndGlobalSection
	GlobalSection(ExtensibilityGlobals) = postSolution
		SolutionGuid = {54D3C858-A2D4-4E39-B829-40D3E4928B59}
	EndGlobalSection
EndGlobal
